// !$*UTF8*$!
{
	archiveVersion = 1;
	classes = {
	};
	objectVersion = 46;
	objects = {

/* Begin PBXBuildFile section */
		BA6F11631E606BD200CAEFBE /* AppDelegate.swift in Sources */ = {isa = PBXBuildFile; fileRef = BA6F11621E606BD200CAEFBE /* AppDelegate.swift */; };
		BA6F11651E606BD200CAEFBE /* ViewController.swift in Sources */ = {isa = PBXBuildFile; fileRef = BA6F11641E606BD200CAEFBE /* ViewController.swift */; };
		BA6F11681E606BD200CAEFBE /* Main.storyboard in Resources */ = {isa = PBXBuildFile; fileRef = BA6F11661E606BD200CAEFBE /* Main.storyboard */; };
		BA6F116A1E606BD200CAEFBE /* Assets.xcassets in Resources */ = {isa = PBXBuildFile; fileRef = BA6F11691E606BD200CAEFBE /* Assets.xcassets */; };
		BA6F116D1E606BD200CAEFBE /* LaunchScreen.storyboard in Resources */ = {isa = PBXBuildFile; fileRef = BA6F116B1E606BD200CAEFBE /* LaunchScreen.storyboard */; };
		BA6F11781E606BD300CAEFBE /* DDDDemo1Tests.swift in Sources */ = {isa = PBXBuildFile; fileRef = BA6F11771E606BD300CAEFBE /* DDDDemo1Tests.swift */; };
/* End PBXBuildFile section */

/* Begin PBXContainerItemProxy section */
		BA6F11741E606BD300CAEFBE /* PBXContainerItemProxy */ = {
			isa = PBXContainerItemProxy;
			containerPortal = BA6F11571E606BD200CAEFBE /* Project object */;
			proxyType = 1;
			remoteGlobalIDString = BA6F115E1E606BD200CAEFBE;
			remoteInfo = DDDDemo1;
		};
/* End PBXContainerItemProxy section */

/* Begin PBXFileReference section */
		BA6F115F1E606BD200CAEFBE /* DDDDemo1.app */ = {isa = PBXFileReference; explicitFileType = wrapper.application; includeInIndex = 0; path = DDDDemo1.app; sourceTree = BUILT_PRODUCTS_DIR; };
		BA6F11621E606BD200CAEFBE /* AppDelegate.swift */ = {isa = PBXFileReference; lastKnownFileType = sourcecode.swift; path = AppDelegate.swift; sourceTree = "<group>"; };
		BA6F11641E606BD200CAEFBE /* ViewController.swift */ = {isa = PBXFileReference; lastKnownFileType = sourcecode.swift; path = ViewController.swift; sourceTree = "<group>"; };
		BA6F11671E606BD200CAEFBE /* Base */ = {isa = PBXFileReference; lastKnownFileType = file.storyboard; name = Base; path = Base.lproj/Main.storyboard; sourceTree = "<group>"; };
		BA6F11691E606BD200CAEFBE /* Assets.xcassets */ = {isa = PBXFileReference; lastKnownFileType = folder.assetcatalog; path = Assets.xcassets; sourceTree = "<group>"; };
		BA6F116C1E606BD200CAEFBE /* Base */ = {isa = PBXFileReference; lastKnownFileType = file.storyboard; name = Base; path = Base.lproj/LaunchScreen.storyboard; sourceTree = "<group>"; };
		BA6F116E1E606BD200CAEFBE /* Info.plist */ = {isa = PBXFileReference; lastKnownFileType = text.plist.xml; path = Info.plist; sourceTree = "<group>"; };
		BA6F11731E606BD300CAEFBE /* DDDDemo1Tests.xctest */ = {isa = PBXFileReference; explicitFileType = wrapper.cfbundle; includeInIndex = 0; path = DDDDemo1Tests.xctest; sourceTree = BUILT_PRODUCTS_DIR; };
		BA6F11771E606BD300CAEFBE /* DDDDemo1Tests.swift */ = {isa = PBXFileReference; lastKnownFileType = sourcecode.swift; path = DDDDemo1Tests.swift; sourceTree = "<group>"; };
		BA6F11791E606BD300CAEFBE /* Info.plist */ = {isa = PBXFileReference; lastKnownFileType = text.plist.xml; path = Info.plist; sourceTree = "<group>"; };
/* End PBXFileReference section */

/* Begin PBXFrameworksBuildPhase section */
		BA6F115C1E606BD200CAEFBE /* Frameworks */ = {
			isa = PBXFrameworksBuildPhase;
			buildActionMask = 2147483647;
			files = (
			);
			runOnlyForDeploymentPostprocessing = 0;
		};
		BA6F11701E606BD300CAEFBE /* Frameworks */ = {
			isa = PBXFrameworksBuildPhase;
			buildActionMask = 2147483647;
			files = (
			);
			runOnlyForDeploymentPostprocessing = 0;
		};
/* End PBXFrameworksBuildPhase section */

/* Begin PBXGroup section */
		BA6F11561E606BD200CAEFBE = {
			isa = PBXGroup;
			children = (
				BA6F11611E606BD200CAEFBE /* DDDDemo1 */,
				BA6F11761E606BD300CAEFBE /* DDDDemo1Tests */,
				BA6F11601E606BD200CAEFBE /* Products */,
			);
			sourceTree = "<group>";
		};
		BA6F11601E606BD200CAEFBE /* Products */ = {
			isa = PBXGroup;
			children = (
				BA6F115F1E606BD200CAEFBE /* DDDDemo1.app */,
				BA6F11731E606BD300CAEFBE /* DDDDemo1Tests.xctest */,
			);
			name = Products;
			sourceTree = "<group>";
		};
		BA6F11611E606BD200CAEFBE /* DDDDemo1 */ = {
			isa = PBXGroup;
			children = (
				BA6F11621E606BD200CAEFBE /* AppDelegate.swift */,
				BA6F11641E606BD200CAEFBE /* ViewController.swift */,
				BA6F11661E606BD200CAEFBE /* Main.storyboard */,
				BA6F11691E606BD200CAEFBE /* Assets.xcassets */,
				BA6F116B1E606BD200CAEFBE /* LaunchScreen.storyboard */,
				BA6F116E1E606BD200CAEFBE /* Info.plist */,
			);
			path = DDDDemo1;
			sourceTree = "<group>";
		};
		BA6F11761E606BD300CAEFBE /* DDDDemo1Tests */ = {
			isa = PBXGroup;
			children = (
				BA6F11771E606BD300CAEFBE /* DDDDemo1Tests.swift */,
				BA6F11791E606BD300CAEFBE /* Info.plist */,
			);
			path = DDDDemo1Tests;
			sourceTree = "<group>";
		};
/* End PBXGroup section */

/* Begin PBXNativeTarget section */
		BA6F115E1E606BD200CAEFBE /* DDDDemo1 */ = {
			isa = PBXNativeTarget;
			buildConfigurationList = BA6F117C1E606BD300CAEFBE /* Build configuration list for PBXNativeTarget "DDDDemo1" */;
			buildPhases = (
				BA6F115B1E606BD200CAEFBE /* Sources */,
				BA6F115C1E606BD200CAEFBE /* Frameworks */,
				BA6F115D1E606BD200CAEFBE /* Resources */,
			);
			buildRules = (
			);
			dependencies = (
			);
			name = DDDDemo1;
			productName = DDDDemo1;
			productReference = BA6F115F1E606BD200CAEFBE /* DDDDemo1.app */;
			productType = "com.apple.product-type.application";
		};
		BA6F11721E606BD300CAEFBE /* DDDDemo1Tests */ = {
			isa = PBXNativeTarget;
			buildConfigurationList = BA6F117F1E606BD300CAEFBE /* Build configuration list for PBXNativeTarget "DDDDemo1Tests" */;
			buildPhases = (
				BA6F116F1E606BD300CAEFBE /* Sources */,
				BA6F11701E606BD300CAEFBE /* Frameworks */,
				BA6F11711E606BD300CAEFBE /* Resources */,
			);
			buildRules = (
			);
			dependencies = (
				BA6F11751E606BD300CAEFBE /* PBXTargetDependency */,
			);
			name = DDDDemo1Tests;
			productName = DDDDemo1Tests;
			productReference = BA6F11731E606BD300CAEFBE /* DDDDemo1Tests.xctest */;
			productType = "com.apple.product-type.bundle.unit-test";
		};
/* End PBXNativeTarget section */

/* Begin PBXProject section */
		BA6F11571E606BD200CAEFBE /* Project object */ = {
			isa = PBXProject;
			attributes = {
				LastSwiftUpdateCheck = 0820;
				LastUpgradeCheck = 0820;
				ORGANIZATIONNAME = chengxue;
				TargetAttributes = {
					BA6F115E1E606BD200CAEFBE = {
						CreatedOnToolsVersion = 8.2.1;
						DevelopmentTeam = 9339PMQPFW;
						ProvisioningStyle = Automatic;
					};
					BA6F11721E606BD300CAEFBE = {
						CreatedOnToolsVersion = 8.2.1;
						DevelopmentTeam = 9339PMQPFW;
						ProvisioningStyle = Automatic;
						TestTargetID = BA6F115E1E606BD200CAEFBE;
					};
				};
			};
			buildConfigurationList = BA6F115A1E606BD200CAEFBE /* Build configuration list for PBXProject "DDDDemo1" */;
			compatibilityVersion = "Xcode 3.2";
			developmentRegion = English;
			hasScannedForEncodings = 0;
			knownRegions = (
				en,
				Base,
			);
			mainGroup = BA6F11561E606BD200CAEFBE;
			productRefGroup = BA6F11601E606BD200CAEFBE /* Products */;
			projectDirPath = "";
			projectRoot = "";
			targets = (
				BA6F115E1E606BD200CAEFBE /* DDDDemo1 */,
				BA6F11721E606BD300CAEFBE /* DDDDemo1Tests */,
			);
		};
/* End PBXProject section */

/* Begin PBXResourcesBuildPhase section */
		BA6F115D1E606BD200CAEFBE /* Resources */ = {
			isa = PBXResourcesBuildPhase;
			buildActionMask = 2147483647;
			files = (
				BA6F116D1E606BD200CAEFBE /* LaunchScreen.storyboard in Resources */,
				BA6F116A1E606BD200CAEFBE /* Assets.xcassets in Resources */,
				BA6F11681E606BD200CAEFBE /* Main.storyboard in Resources */,
			);
			runOnlyForDeploymentPostprocessing = 0;
		};
		BA6F11711E606BD300CAEFBE /* Resources */ = {
			isa = PBXResourcesBuildPhase;
			buildActionMask = 2147483647;
			files = (
			);
			runOnlyForDeploymentPostprocessing = 0;
		};
/* End PBXResourcesBuildPhase section */

/* Begin PBXSourcesBuildPhase section */
		BA6F115B1E606BD200CAEFBE /* Sources */ = {
			isa = PBXSourcesBuildPhase;
			buildActionMask = 2147483647;
			files = (
				BA6F11651E606BD200CAEFBE /* ViewController.swift in Sources */,
				BA6F11631E606BD200CAEFBE /* AppDelegate.swift in Sources */,
			);
			runOnlyForDeploymentPostprocessing = 0;
		};
		BA6F116F1E606BD300CAEFBE /* Sources */ = {
			isa = PBXSourcesBuildPhase;
			buildActionMask = 2147483647;
			files = (
				BA6F11781E606BD300CAEFBE /* DDDDemo1Tests.swift in Sources */,
			);
			runOnlyForDeploymentPostprocessing = 0;
		};
/* End PBXSourcesBuildPhase section */

/* Begin PBXTargetDependency section */
		BA6F11751E606BD300CAEFBE /* PBXTargetDependency */ = {
			isa = PBXTargetDependency;
			target = BA6F115E1E606BD200CAEFBE /* DDDDemo1 */;
			targetProxy = BA6F11741E606BD300CAEFBE /* PBXContainerItemProxy */;
		};
/* End PBXTargetDependency section */

/* Begin PBXVariantGroup section */
		BA6F11661E606BD200CAEFBE /* Main.storyboard */ = {
			isa = PBXVariantGroup;
			children = (
				BA6F11671E606BD200CAEFBE /* Base */,
			);
			name = Main.storyboard;
			sourceTree = "<group>";
		};
		BA6F116B1E606BD200CAEFBE /* LaunchScreen.storyboard */ = {
			isa = PBXVariantGroup;
			children = (
				BA6F116C1E606BD200CAEFBE /* Base */,
			);
			name = LaunchScreen.storyboard;
			sourceTree = "<group>";
		};
/* End PBXVariantGroup section */

/* Begin XCBuildConfiguration section */
		BA6F117A1E606BD300CAEFBE /* Debug */ = {
			isa = XCBuildConfiguration;
			buildSettings = {
				ALWAYS_SEARCH_USER_PATHS = NO;
				CLANG_ANALYZER_NONNULL = YES;
				CLANG_CXX_LANGUAGE_STANDARD = "gnu++0x";
				CLANG_CXX_LIBRARY = "libc++";
				CLANG_ENABLE_MODULES = YES;
				CLANG_ENABLE_OBJC_ARC = YES;
				CLANG_WARN_BOOL_CONVERSION = YES;
				CLANG_WARN_CONSTANT_CONVERSION = YES;
				CLANG_WARN_DIRECT_OBJC_ISA_USAGE = YES_ERROR;
				CLANG_WARN_DOCUMENTATION_COMMENTS = YES;
				CLANG_WARN_EMPTY_BODY = YES;
				CLANG_WARN_ENUM_CONVERSION = YES;
				CLANG_WARN_INFINITE_RECURSION = YES;
				CLANG_WARN_INT_CONVERSION = YES;
				CLANG_WARN_OBJC_ROOT_CLASS = YES_ERROR;
				CLANG_WARN_SUSPICIOUS_MOVE = YES;
				CLANG_WARN_UNREACHABLE_CODE = YES;
				CLANG_WARN__DUPLICATE_METHOD_MATCH = YES;
				"CODE_SIGN_IDENTITY[sdk=iphoneos*]" = "iPhone Developer";
				COPY_PHASE_STRIP = NO;
				DEBUG_INFORMATION_FORMAT = dwarf;
				ENABLE_STRICT_OBJC_MSGSEND = YES;
				ENABLE_TESTABILITY = YES;
				GCC_C_LANGUAGE_STANDARD = gnu99;
				GCC_DYNAMIC_NO_PIC = NO;
				GCC_NO_COMMON_BLOCKS = YES;
				GCC_OPTIMIZATION_LEVEL = 0;
				GCC_PREPROCESSOR_DEFINITIONS = (
					"DEBUG=1",
					"$(inherited)",
				);
				GCC_WARN_64_TO_32_BIT_CONVERSION = YES;
				GCC_WARN_ABOUT_RETURN_TYPE = YES_ERROR;
				GCC_WARN_UNDECLARED_SELECTOR = YES;
				GCC_WARN_UNINITIALIZED_AUTOS = YES_AGGRESSIVE;
				GCC_WARN_UNUSED_FUNCTION = YES;
				GCC_WARN_UNUSED_VARIABLE = YES;
				IPHONEOS_DEPLOYMENT_TARGET = 10.2;
				MTL_ENABLE_DEBUG_INFO = YES;
				ONLY_ACTIVE_ARCH = YES;
				SDKROOT = iphoneos;
				SWIFT_ACTIVE_COMPILATION_CONDITIONS = DEBUG;
				SWIFT_OPTIMIZATION_LEVEL = "-Onone";
			};
			name = Debug;
		};
		BA6F117B1E606BD300CAEFBE /* Release */ = {
			isa = XCBuildConfiguration;
			buildSettings = {
				ALWAYS_SEARCH_USER_PATHS = NO;
				CLANG_ANALYZER_NONNULL = YES;
				CLANG_CXX_LANGUAGE_STANDARD = "gnu++0x";
				CLANG_CXX_LIBRARY = "libc++";
				CLANG_ENABLE_MODULES = YES;
				CLANG_ENABLE_OBJC_ARC = YES;
				CLANG_WARN_BOOL_CONVERSION = YES;
				CLANG_WARN_CONSTANT_CONVERSION = YES;
				CLANG_WARN_DIRECT_OBJC_ISA_USAGE = YES_ERROR;
				CLANG_WARN_DOCUMENTATION_COMMENTS = YES;
				CLANG_WARN_EMPTY_BODY = YES;
				CLANG_WARN_ENUM_CONVERSION = YES;
				CLANG_WARN_INFINITE_RECURSION = YES;
				CLANG_WARN_INT_CONVERSION = YES;
				CLANG_WARN_OBJC_ROOT_CLASS = YES_ERROR;
				CLANG_WARN_SUSPICIOUS_MOVE = YES;
				CLANG_WARN_UNREACHABLE_CODE = YES;
				CLANG_WARN__DUPLICATE_METHOD_MATCH = YES;
				"CODE_SIGN_IDENTITY[sdk=iphoneos*]" = "iPhone Developer";
				COPY_PHASE_STRIP = NO;
				DEBUG_INFORMATION_FORMAT = "dwarf-with-dsym";
				ENABLE_NS_ASSERTIONS = NO;
				ENABLE_STRICT_OBJC_MSGSEND = YES;
				GCC_C_LANGUAGE_STANDARD = gnu99;
				GCC_NO_COMMON_BLOCKS = YES;
				GCC_WARN_64_TO_32_BIT_CONVERSION = YES;
				GCC_WARN_ABOUT_RETURN_TYPE = YES_ERROR;
				GCC_WARN_UNDECLARED_SELECTOR = YES;
				GCC_WARN_UNINITIALIZED_AUTOS = YES_AGGRESSIVE;
				GCC_WARN_UNUSED_FUNCTION = YES;
				GCC_WARN_UNUSED_VARIABLE = YES;
				IPHONEOS_DEPLOYMENT_TARGET = 10.2;
				MTL_ENABLE_DEBUG_INFO = NO;
				SDKROOT = iphoneos;
				SWIFT_OPTIMIZATION_LEVEL = "-Owholemodule";
				VALIDATE_PRODUCT = YES;
			};
			name = Release;
		};
		BA6F117D1E606BD300CAEFBE /* Debug */ = {
			isa = XCBuildConfiguration;
			buildSettings = {
				ASSETCATALOG_COMPILER_APPICON_NAME = AppIcon;
				DEVELOPMENT_TEAM = 9339PMQPFW;
				INFOPLIST_FILE = DDDDemo1/Info.plist;
				LD_RUNPATH_SEARCH_PATHS = "$(inherited) @executable_path/Frameworks";
				PRODUCT_BUNDLE_IDENTIFIER = com.chengxuecong.DDDDemo1;
				PRODUCT_NAME = "$(TARGET_NAME)";
				SWIFT_VERSION = 3.0;
			};
			name = Debug;
		};
		BA6F117E1E606BD300CAEFBE /* Release */ = {
			isa = XCBuildConfiguration;
			buildSettings = {
				ASSETCATALOG_COMPILER_APPICON_NAME = AppIcon;
				DEVELOPMENT_TEAM = 9339PMQPFW;
				INFOPLIST_FILE = DDDDemo1/Info.plist;
				LD_RUNPATH_SEARCH_PATHS = "$(inherited) @executable_path/Frameworks";
				PRODUCT_BUNDLE_IDENTIFIER = com.chengxuecong.DDDDemo1;
				PRODUCT_NAME = "$(TARGET_NAME)";
				SWIFT_VERSION = 3.0;
			};
			name = Release;
		};
		BA6F11801E606BD300CAEFBE /* Debug */ = {
			isa = XCBuildConfiguration;
			buildSettings = {
				ALWAYS_EMBED_SWIFT_STANDARD_LIBRARIES = YES;
				BUNDLE_LOADER = "$(TEST_HOST)";
				DEVELOPMENT_TEAM = 9339PMQPFW;
				INFOPLIST_FILE = DDDDemo1Tests/Info.plist;
				LD_RUNPATH_SEARCH_PATHS = "$(inherited) @executable_path/Frameworks @loader_path/Frameworks";
				PRODUCT_BUNDLE_IDENTIFIER = com.chengxuecong.DDDDemo1Tests;
				PRODUCT_NAME = "$(TARGET_NAME)";
				SWIFT_VERSION = 3.0;
				TEST_HOST = "$(BUILT_PRODUCTS_DIR)/DDDDemo1.app/DDDDemo1";
			};
			name = Debug;
		};
		BA6F11811E606BD300CAEFBE /* Release */ = {
			isa = XCBuildConfiguration;
			buildSettings = {
				ALWAYS_EMBED_SWIFT_STANDARD_LIBRARIES = YES;
				BUNDLE_LOADER = "$(TEST_HOST)";
				DEVELOPMENT_TEAM = 9339PMQPFW;
				INFOPLIST_FILE = DDDDemo1Tests/Info.plist;
				LD_RUNPATH_SEARCH_PATHS = "$(inherited) @executable_path/Frameworks @loader_path/Frameworks";
				PRODUCT_BUNDLE_IDENTIFIER = com.chengxuecong.DDDDemo1Tests;
				PRODUCT_NAME = "$(TARGET_NAME)";
				SWIFT_VERSION = 3.0;
				TEST_HOST = "$(BUILT_PRODUCTS_DIR)/DDDDemo1.app/DDDDemo1";
			};
			name = Release;
		};
/* End XCBuildConfiguration section */

/* Begin XCConfigurationList section */
		BA6F115A1E606BD200CAEFBE /* Build configuration list for PBXProject "DDDDemo1" */ = {
			isa = XCConfigurationList;
			buildConfigurations = (
				BA6F117A1E606BD300CAEFBE /* Debug */,
				BA6F117B1E606BD300CAEFBE /* Release */,
			);
			defaultConfigurationIsVisible = 0;
			defaultConfigurationName = Release;
		};
		BA6F117C1E606BD300CAEFBE /* Build configuration list for PBXNativeTarget "DDDDemo1" */ = {
			isa = XCConfigurationList;
			buildConfigurations = (
				BA6F117D1E606BD300CAEFBE /* Debug */,
				BA6F117E1E606BD300CAEFBE /* Release */,
			);
			defaultConfigurationIsVisible = 0;
		};
		BA6F117F1E606BD300CAEFBE /* Build configuration list for PBXNativeTarget "DDDDemo1Tests" */ = {
			isa = XCConfigurationList;
			buildConfigurations = (
				BA6F11801E606BD300CAEFBE /* Debug */,
				BA6F11811E606BD300CAEFBE /* Release */,
			);
			defaultConfigurationIsVisible = 0;
		};
/* End XCConfigurationList section */
	};
	rootObject = BA6F11571E606BD200CAEFBE /* Project object */;
}
