// !$*UTF8*$!
{
	archiveVersion = 1;
	classes = {
	};
	objectVersion = 46;
	objects = {

/* Begin PBXBuildFile section */
		BA6F11371E602D9900CAEFBE /* AppDelegate.swift in Sources */ = {isa = PBXBuildFile; fileRef = BA6F11361E602D9900CAEFBE /* AppDelegate.swift */; };
		BA6F11391E602D9900CAEFBE /* ViewController.swift in Sources */ = {isa = PBXBuildFile; fileRef = BA6F11381E602D9900CAEFBE /* ViewController.swift */; };
		BA6F113C1E602D9900CAEFBE /* Main.storyboard in Resources */ = {isa = PBXBuildFile; fileRef = BA6F113A1E602D9900CAEFBE /* Main.storyboard */; };
		BA6F113E1E602D9900CAEFBE /* Assets.xcassets in Resources */ = {isa = PBXBuildFile; fileRef = BA6F113D1E602D9900CAEFBE /* Assets.xcassets */; };
		BA6F11411E602D9900CAEFBE /* LaunchScreen.storyboard in Resources */ = {isa = PBXBuildFile; fileRef = BA6F113F1E602D9900CAEFBE /* LaunchScreen.storyboard */; };
		BA6F114C1E602D9900CAEFBE /* ADemoTests.swift in Sources */ = {isa = PBXBuildFile; fileRef = BA6F114B1E602D9900CAEFBE /* ADemoTests.swift */; };
/* End PBXBuildFile section */

/* Begin PBXContainerItemProxy section */
		BA6F11481E602D9900CAEFBE /* PBXContainerItemProxy */ = {
			isa = PBXContainerItemProxy;
			containerPortal = BA6F112B1E602D9900CAEFBE /* Project object */;
			proxyType = 1;
			remoteGlobalIDString = BA6F11321E602D9900CAEFBE;
			remoteInfo = ADemo;
		};
/* End PBXContainerItemProxy section */

/* Begin PBXFileReference section */
		BA6F11331E602D9900CAEFBE /* ADemo.app */ = {isa = PBXFileReference; explicitFileType = wrapper.application; includeInIndex = 0; path = ADemo.app; sourceTree = BUILT_PRODUCTS_DIR; };
		BA6F11361E602D9900CAEFBE /* AppDelegate.swift */ = {isa = PBXFileReference; lastKnownFileType = sourcecode.swift; path = AppDelegate.swift; sourceTree = "<group>"; };
		BA6F11381E602D9900CAEFBE /* ViewController.swift */ = {isa = PBXFileReference; lastKnownFileType = sourcecode.swift; path = ViewController.swift; sourceTree = "<group>"; };
		BA6F113B1E602D9900CAEFBE /* Base */ = {isa = PBXFileReference; lastKnownFileType = file.storyboard; name = Base; path = Base.lproj/Main.storyboard; sourceTree = "<group>"; };
		BA6F113D1E602D9900CAEFBE /* Assets.xcassets */ = {isa = PBXFileReference; lastKnownFileType = folder.assetcatalog; path = Assets.xcassets; sourceTree = "<group>"; };
		BA6F11401E602D9900CAEFBE /* Base */ = {isa = PBXFileReference; lastKnownFileType = file.storyboard; name = Base; path = Base.lproj/LaunchScreen.storyboard; sourceTree = "<group>"; };
		BA6F11421E602D9900CAEFBE /* Info.plist */ = {isa = PBXFileReference; lastKnownFileType = text.plist.xml; path = Info.plist; sourceTree = "<group>"; };
		BA6F11471E602D9900CAEFBE /* ADemoTests.xctest */ = {isa = PBXFileReference; explicitFileType = wrapper.cfbundle; includeInIndex = 0; path = ADemoTests.xctest; sourceTree = BUILT_PRODUCTS_DIR; };
		BA6F114B1E602D9900CAEFBE /* ADemoTests.swift */ = {isa = PBXFileReference; lastKnownFileType = sourcecode.swift; path = ADemoTests.swift; sourceTree = "<group>"; };
		BA6F114D1E602D9900CAEFBE /* Info.plist */ = {isa = PBXFileReference; lastKnownFileType = text.plist.xml; path = Info.plist; sourceTree = "<group>"; };
/* End PBXFileReference section */

/* Begin PBXFrameworksBuildPhase section */
		BA6F11301E602D9900CAEFBE /* Frameworks */ = {
			isa = PBXFrameworksBuildPhase;
			buildActionMask = 2147483647;
			files = (
			);
			runOnlyForDeploymentPostprocessing = 0;
		};
		BA6F11441E602D9900CAEFBE /* Frameworks */ = {
			isa = PBXFrameworksBuildPhase;
			buildActionMask = 2147483647;
			files = (
			);
			runOnlyForDeploymentPostprocessing = 0;
		};
/* End PBXFrameworksBuildPhase section */

/* Begin PBXGroup section */
		BA6F112A1E602D9900CAEFBE = {
			isa = PBXGroup;
			children = (
				BA6F11351E602D9900CAEFBE /* ADemo */,
				BA6F114A1E602D9900CAEFBE /* ADemoTests */,
				BA6F11341E602D9900CAEFBE /* Products */,
			);
			sourceTree = "<group>";
		};
		BA6F11341E602D9900CAEFBE /* Products */ = {
			isa = PBXGroup;
			children = (
				BA6F11331E602D9900CAEFBE /* ADemo.app */,
				BA6F11471E602D9900CAEFBE /* ADemoTests.xctest */,
			);
			name = Products;
			sourceTree = "<group>";
		};
		BA6F11351E602D9900CAEFBE /* ADemo */ = {
			isa = PBXGroup;
			children = (
				BA6F11361E602D9900CAEFBE /* AppDelegate.swift */,
				BA6F11381E602D9900CAEFBE /* ViewController.swift */,
				BA6F113A1E602D9900CAEFBE /* Main.storyboard */,
				BA6F113D1E602D9900CAEFBE /* Assets.xcassets */,
				BA6F113F1E602D9900CAEFBE /* LaunchScreen.storyboard */,
				BA6F11421E602D9900CAEFBE /* Info.plist */,
			);
			path = ADemo;
			sourceTree = "<group>";
		};
		BA6F114A1E602D9900CAEFBE /* ADemoTests */ = {
			isa = PBXGroup;
			children = (
				BA6F114B1E602D9900CAEFBE /* ADemoTests.swift */,
				BA6F114D1E602D9900CAEFBE /* Info.plist */,
			);
			path = ADemoTests;
			sourceTree = "<group>";
		};
/* End PBXGroup section */

/* Begin PBXNativeTarget section */
		BA6F11321E602D9900CAEFBE /* ADemo */ = {
			isa = PBXNativeTarget;
			buildConfigurationList = BA6F11501E602D9900CAEFBE /* Build configuration list for PBXNativeTarget "ADemo" */;
			buildPhases = (
				BA6F112F1E602D9900CAEFBE /* Sources */,
				BA6F11301E602D9900CAEFBE /* Frameworks */,
				BA6F11311E602D9900CAEFBE /* Resources */,
			);
			buildRules = (
			);
			dependencies = (
			);
			name = ADemo;
			productName = ADemo;
			productReference = BA6F11331E602D9900CAEFBE /* ADemo.app */;
			productType = "com.apple.product-type.application";
		};
		BA6F11461E602D9900CAEFBE /* ADemoTests */ = {
			isa = PBXNativeTarget;
			buildConfigurationList = BA6F11531E602D9900CAEFBE /* Build configuration list for PBXNativeTarget "ADemoTests" */;
			buildPhases = (
				BA6F11431E602D9900CAEFBE /* Sources */,
				BA6F11441E602D9900CAEFBE /* Frameworks */,
				BA6F11451E602D9900CAEFBE /* Resources */,
			);
			buildRules = (
			);
			dependencies = (
				BA6F11491E602D9900CAEFBE /* PBXTargetDependency */,
			);
			name = ADemoTests;
			productName = ADemoTests;
			productReference = BA6F11471E602D9900CAEFBE /* ADemoTests.xctest */;
			productType = "com.apple.product-type.bundle.unit-test";
		};
/* End PBXNativeTarget section */

/* Begin PBXProject section */
		BA6F112B1E602D9900CAEFBE /* Project object */ = {
			isa = PBXProject;
			attributes = {
				LastSwiftUpdateCheck = 0820;
				LastUpgradeCheck = 0820;
				ORGANIZATIONNAME = chengxue;
				TargetAttributes = {
					BA6F11321E602D9900CAEFBE = {
						CreatedOnToolsVersion = 8.2.1;
						DevelopmentTeam = 9339PMQPFW;
						ProvisioningStyle = Automatic;
					};
					BA6F11461E602D9900CAEFBE = {
						CreatedOnToolsVersion = 8.2.1;
						DevelopmentTeam = 9339PMQPFW;
						ProvisioningStyle = Automatic;
						TestTargetID = BA6F11321E602D9900CAEFBE;
					};
				};
			};
			buildConfigurationList = BA6F112E1E602D9900CAEFBE /* Build configuration list for PBXProject "ADemo" */;
			compatibilityVersion = "Xcode 3.2";
			developmentRegion = English;
			hasScannedForEncodings = 0;
			knownRegions = (
				en,
				Base,
			);
			mainGroup = BA6F112A1E602D9900CAEFBE;
			productRefGroup = BA6F11341E602D9900CAEFBE /* Products */;
			projectDirPath = "";
			projectRoot = "";
			targets = (
				BA6F11321E602D9900CAEFBE /* ADemo */,
				BA6F11461E602D9900CAEFBE /* ADemoTests */,
			);
		};
/* End PBXProject section */

/* Begin PBXResourcesBuildPhase section */
		BA6F11311E602D9900CAEFBE /* Resources */ = {
			isa = PBXResourcesBuildPhase;
			buildActionMask = 2147483647;
			files = (
				BA6F11411E602D9900CAEFBE /* LaunchScreen.storyboard in Resources */,
				BA6F113E1E602D9900CAEFBE /* Assets.xcassets in Resources */,
				BA6F113C1E602D9900CAEFBE /* Main.storyboard in Resources */,
			);
			runOnlyForDeploymentPostprocessing = 0;
		};
		BA6F11451E602D9900CAEFBE /* Resources */ = {
			isa = PBXResourcesBuildPhase;
			buildActionMask = 2147483647;
			files = (
			);
			runOnlyForDeploymentPostprocessing = 0;
		};
/* End PBXResourcesBuildPhase section */

/* Begin PBXSourcesBuildPhase section */
		BA6F112F1E602D9900CAEFBE /* Sources */ = {
			isa = PBXSourcesBuildPhase;
			buildActionMask = 2147483647;
			files = (
				BA6F11391E602D9900CAEFBE /* ViewController.swift in Sources */,
				BA6F11371E602D9900CAEFBE /* AppDelegate.swift in Sources */,
			);
			runOnlyForDeploymentPostprocessing = 0;
		};
		BA6F11431E602D9900CAEFBE /* Sources */ = {
			isa = PBXSourcesBuildPhase;
			buildActionMask = 2147483647;
			files = (
				BA6F114C1E602D9900CAEFBE /* ADemoTests.swift in Sources */,
			);
			runOnlyForDeploymentPostprocessing = 0;
		};
/* End PBXSourcesBuildPhase section */

/* Begin PBXTargetDependency section */
		BA6F11491E602D9900CAEFBE /* PBXTargetDependency */ = {
			isa = PBXTargetDependency;
			target = BA6F11321E602D9900CAEFBE /* ADemo */;
			targetProxy = BA6F11481E602D9900CAEFBE /* PBXContainerItemProxy */;
		};
/* End PBXTargetDependency section */

/* Begin PBXVariantGroup section */
		BA6F113A1E602D9900CAEFBE /* Main.storyboard */ = {
			isa = PBXVariantGroup;
			children = (
				BA6F113B1E602D9900CAEFBE /* Base */,
			);
			name = Main.storyboard;
			sourceTree = "<group>";
		};
		BA6F113F1E602D9900CAEFBE /* LaunchScreen.storyboard */ = {
			isa = PBXVariantGroup;
			children = (
				BA6F11401E602D9900CAEFBE /* Base */,
			);
			name = LaunchScreen.storyboard;
			sourceTree = "<group>";
		};
/* End PBXVariantGroup section */

/* Begin XCBuildConfiguration section */
		BA6F114E1E602D9900CAEFBE /* Debug */ = {
			isa = XCBuildConfiguration;
			buildSettings = {
				ALWAYS_SEARCH_USER_PATHS = NO;
				CLANG_ANALYZER_NONNULL = YES;
				CLANG_CXX_LANGUAGE_STANDARD = "gnu++0x";
				CLANG_CXX_LIBRARY = "libc++";
				CLANG_ENABLE_MODULES = YES;
				CLANG_ENABLE_OBJC_ARC = YES;
				CLANG_WARN_BOOL_CONVERSION = YES;
				CLANG_WARN_CONSTANT_CONVERSION = YES;
				CLANG_WARN_DIRECT_OBJC_ISA_USAGE = YES_ERROR;
				CLANG_WARN_DOCUMENTATION_COMMENTS = YES;
				CLANG_WARN_EMPTY_BODY = YES;
				CLANG_WARN_ENUM_CONVERSION = YES;
				CLANG_WARN_INFINITE_RECURSION = YES;
				CLANG_WARN_INT_CONVERSION = YES;
				CLANG_WARN_OBJC_ROOT_CLASS = YES_ERROR;
				CLANG_WARN_SUSPICIOUS_MOVE = YES;
				CLANG_WARN_UNREACHABLE_CODE = YES;
				CLANG_WARN__DUPLICATE_METHOD_MATCH = YES;
				"CODE_SIGN_IDENTITY[sdk=iphoneos*]" = "iPhone Developer";
				COPY_PHASE_STRIP = NO;
				DEBUG_INFORMATION_FORMAT = dwarf;
				ENABLE_STRICT_OBJC_MSGSEND = YES;
				ENABLE_TESTABILITY = YES;
				GCC_C_LANGUAGE_STANDARD = gnu99;
				GCC_DYNAMIC_NO_PIC = NO;
				GCC_NO_COMMON_BLOCKS = YES;
				GCC_OPTIMIZATION_LEVEL = 0;
				GCC_PREPROCESSOR_DEFINITIONS = (
					"DEBUG=1",
					"$(inherited)",
				);
				GCC_WARN_64_TO_32_BIT_CONVERSION = YES;
				GCC_WARN_ABOUT_RETURN_TYPE = YES_ERROR;
				GCC_WARN_UNDECLARED_SELECTOR = YES;
				GCC_WARN_UNINITIALIZED_AUTOS = YES_AGGRESSIVE;
				GCC_WARN_UNUSED_FUNCTION = YES;
				GCC_WARN_UNUSED_VARIABLE = YES;
				IPHONEOS_DEPLOYMENT_TARGET = 10.2;
				MTL_ENABLE_DEBUG_INFO = YES;
				ONLY_ACTIVE_ARCH = YES;
				SDKROOT = iphoneos;
				SWIFT_ACTIVE_COMPILATION_CONDITIONS = DEBUG;
				SWIFT_OPTIMIZATION_LEVEL = "-Onone";
			};
			name = Debug;
		};
		BA6F114F1E602D9900CAEFBE /* Release */ = {
			isa = XCBuildConfiguration;
			buildSettings = {
				ALWAYS_SEARCH_USER_PATHS = NO;
				CLANG_ANALYZER_NONNULL = YES;
				CLANG_CXX_LANGUAGE_STANDARD = "gnu++0x";
				CLANG_CXX_LIBRARY = "libc++";
				CLANG_ENABLE_MODULES = YES;
				CLANG_ENABLE_OBJC_ARC = YES;
				CLANG_WARN_BOOL_CONVERSION = YES;
				CLANG_WARN_CONSTANT_CONVERSION = YES;
				CLANG_WARN_DIRECT_OBJC_ISA_USAGE = YES_ERROR;
				CLANG_WARN_DOCUMENTATION_COMMENTS = YES;
				CLANG_WARN_EMPTY_BODY = YES;
				CLANG_WARN_ENUM_CONVERSION = YES;
				CLANG_WARN_INFINITE_RECURSION = YES;
				CLANG_WARN_INT_CONVERSION = YES;
				CLANG_WARN_OBJC_ROOT_CLASS = YES_ERROR;
				CLANG_WARN_SUSPICIOUS_MOVE = YES;
				CLANG_WARN_UNREACHABLE_CODE = YES;
				CLANG_WARN__DUPLICATE_METHOD_MATCH = YES;
				"CODE_SIGN_IDENTITY[sdk=iphoneos*]" = "iPhone Developer";
				COPY_PHASE_STRIP = NO;
				DEBUG_INFORMATION_FORMAT = "dwarf-with-dsym";
				ENABLE_NS_ASSERTIONS = NO;
				ENABLE_STRICT_OBJC_MSGSEND = YES;
				GCC_C_LANGUAGE_STANDARD = gnu99;
				GCC_NO_COMMON_BLOCKS = YES;
				GCC_WARN_64_TO_32_BIT_CONVERSION = YES;
				GCC_WARN_ABOUT_RETURN_TYPE = YES_ERROR;
				GCC_WARN_UNDECLARED_SELECTOR = YES;
				GCC_WARN_UNINITIALIZED_AUTOS = YES_AGGRESSIVE;
				GCC_WARN_UNUSED_FUNCTION = YES;
				GCC_WARN_UNUSED_VARIABLE = YES;
				IPHONEOS_DEPLOYMENT_TARGET = 10.2;
				MTL_ENABLE_DEBUG_INFO = NO;
				SDKROOT = iphoneos;
				SWIFT_OPTIMIZATION_LEVEL = "-Owholemodule";
				VALIDATE_PRODUCT = YES;
			};
			name = Release;
		};
		BA6F11511E602D9900CAEFBE /* Debug */ = {
			isa = XCBuildConfiguration;
			buildSettings = {
				ASSETCATALOG_COMPILER_APPICON_NAME = AppIcon;
				DEVELOPMENT_TEAM = 9339PMQPFW;
				INFOPLIST_FILE = ADemo/Info.plist;
				LD_RUNPATH_SEARCH_PATHS = "$(inherited) @executable_path/Frameworks";
				PRODUCT_BUNDLE_IDENTIFIER = com.chengxuecong.ADemo;
				PRODUCT_NAME = "$(TARGET_NAME)";
				SWIFT_VERSION = 3.0;
			};
			name = Debug;
		};
		BA6F11521E602D9900CAEFBE /* Release */ = {
			isa = XCBuildConfiguration;
			buildSettings = {
				ASSETCATALOG_COMPILER_APPICON_NAME = AppIcon;
				DEVELOPMENT_TEAM = 9339PMQPFW;
				INFOPLIST_FILE = ADemo/Info.plist;
				LD_RUNPATH_SEARCH_PATHS = "$(inherited) @executable_path/Frameworks";
				PRODUCT_BUNDLE_IDENTIFIER = com.chengxuecong.ADemo;
				PRODUCT_NAME = "$(TARGET_NAME)";
				SWIFT_VERSION = 3.0;
			};
			name = Release;
		};
		BA6F11541E602D9900CAEFBE /* Debug */ = {
			isa = XCBuildConfiguration;
			buildSettings = {
				ALWAYS_EMBED_SWIFT_STANDARD_LIBRARIES = YES;
				BUNDLE_LOADER = "$(TEST_HOST)";
				DEVELOPMENT_TEAM = 9339PMQPFW;
				INFOPLIST_FILE = ADemoTests/Info.plist;
				LD_RUNPATH_SEARCH_PATHS = "$(inherited) @executable_path/Frameworks @loader_path/Frameworks";
				PRODUCT_BUNDLE_IDENTIFIER = com.chengxuecong.ADemoTests;
				PRODUCT_NAME = "$(TARGET_NAME)";
				SWIFT_VERSION = 3.0;
				TEST_HOST = "$(BUILT_PRODUCTS_DIR)/ADemo.app/ADemo";
			};
			name = Debug;
		};
		BA6F11551E602D9900CAEFBE /* Release */ = {
			isa = XCBuildConfiguration;
			buildSettings = {
				ALWAYS_EMBED_SWIFT_STANDARD_LIBRARIES = YES;
				BUNDLE_LOADER = "$(TEST_HOST)";
				DEVELOPMENT_TEAM = 9339PMQPFW;
				INFOPLIST_FILE = ADemoTests/Info.plist;
				LD_RUNPATH_SEARCH_PATHS = "$(inherited) @executable_path/Frameworks @loader_path/Frameworks";
				PRODUCT_BUNDLE_IDENTIFIER = com.chengxuecong.ADemoTests;
				PRODUCT_NAME = "$(TARGET_NAME)";
				SWIFT_VERSION = 3.0;
				TEST_HOST = "$(BUILT_PRODUCTS_DIR)/ADemo.app/ADemo";
			};
			name = Release;
		};
/* End XCBuildConfiguration section */

/* Begin XCConfigurationList section */
		BA6F112E1E602D9900CAEFBE /* Build configuration list for PBXProject "ADemo" */ = {
			isa = XCConfigurationList;
			buildConfigurations = (
				BA6F114E1E602D9900CAEFBE /* Debug */,
				BA6F114F1E602D9900CAEFBE /* Release */,
			);
			defaultConfigurationIsVisible = 0;
			defaultConfigurationName = Release;
		};
		BA6F11501E602D9900CAEFBE /* Build configuration list for PBXNativeTarget "ADemo" */ = {
			isa = XCConfigurationList;
			buildConfigurations = (
				BA6F11511E602D9900CAEFBE /* Debug */,
				BA6F11521E602D9900CAEFBE /* Release */,
			);
			defaultConfigurationIsVisible = 0;
		};
		BA6F11531E602D9900CAEFBE /* Build configuration list for PBXNativeTarget "ADemoTests" */ = {
			isa = XCConfigurationList;
			buildConfigurations = (
				BA6F11541E602D9900CAEFBE /* Debug */,
				BA6F11551E602D9900CAEFBE /* Release */,
			);
			defaultConfigurationIsVisible = 0;
		};
/* End XCConfigurationList section */
	};
	rootObject = BA6F112B1E602D9900CAEFBE /* Project object */;
}
